
Microsoft Visual Studio Solution File, Format Version 12.00
# Visual Studio Version 16
VisualStudioVersion = 16.0.31313.79
MinimumVisualStudioVersion = 10.0.40219.1
Project("{9A19103F-16F7-4668-BE54-9A1E7A4F7556}") = "MinimumBackboneConsole", "MinimumBackbone.Console\MinimumBackboneConsole.csproj", "{C62038D7-8168-4079-91B8-882129B983D6}"
EndProject
Project("{2150E333-8FDC-42A3-9474-1A3956D46DE8}") = "Solution Items", "Solution Items", "{4AD17A30-002C-4BF7-971B-50181B8E8399}"
	ProjectSection(SolutionItems) = preProject
		.gitignore = .gitignore
		README.md = README.md
	EndProjectSection
EndProject
Project("{9A19103F-16F7-4668-BE54-9A1E7A4F7556}") = "LinkedListClass", "LinkedListClass\LinkedListClass.csproj", "{04F449E3-1D02-4446-A372-97711474B0EC}"
EndProject
Project("{9A19103F-16F7-4668-BE54-9A1E7A4F7556}") = "LinkedListClass.Tests", "LinkedListClass.Tests\LinkedListClass.Tests.csproj", "{D17D7BD3-5FA4-40B1-A27C-16C83583395E}"
EndProject
Project("{9A19103F-16F7-4668-BE54-9A1E7A4F7556}") = "StackClass", "StackClass\StackClass.csproj", "{26C8011E-9E98-4F08-BEDA-9B28C6D379FC}"
EndProject
Project("{9A19103F-16F7-4668-BE54-9A1E7A4F7556}") = "GraphLogic", "GraphLogic\GraphLogic.csproj", "{8CF3E3B5-F380-45A4-8A77-B9247240E0A2}"
EndProject
Project("{9A19103F-16F7-4668-BE54-9A1E7A4F7556}") = "StackClass.Tests", "StackClass.Tests\StackClass.Tests.csproj", "{756B251C-071B-4E4E-A758-C87A159ED7E8}"
EndProject
Project("{9A19103F-16F7-4668-BE54-9A1E7A4F7556}") = "GraphLogic.Tests", "GraphLogic.Tests\GraphLogic.Tests.csproj", "{BED5F482-1157-414F-915B-FD846F6EEAD4}"
EndProject
Project("{9A19103F-16F7-4668-BE54-9A1E7A4F7556}") = "ArrayListClass", "ArrayListClass\ArrayListClass.csproj", "{C0020CBB-CFE3-4B9F-B058-B4279EAC07D4}"
EndProject
Project("{9A19103F-16F7-4668-BE54-9A1E7A4F7556}") = "ArrayListClass.Tests", "ArrayListClass.Tests\ArrayListClass.Tests.csproj", "{A4DAF592-E48A-422E-BFF9-8C037F749A4C}"
EndProject
Project("{2150E333-8FDC-42A3-9474-1A3956D46DE8}") = "TestFiles", "TestFiles", "{53BE2175-99B3-43B5-B456-5D112699799A}"
	ProjectSection(SolutionItems) = preProject
		TestFiles\Test.txt = TestFiles\Test.txt
		TestFiles\Test2.txt = TestFiles\Test2.txt
	EndProjectSection
EndProject
Global
	GlobalSection(SolutionConfigurationPlatforms) = preSolution
		Debug|Any CPU = Debug|Any CPU
		Release|Any CPU = Release|Any CPU
	EndGlobalSection
	GlobalSection(ProjectConfigurationPlatforms) = postSolution
		{C62038D7-8168-4079-91B8-882129B983D6}.Debug|Any CPU.ActiveCfg = Debug|Any CPU
		{C62038D7-8168-4079-91B8-882129B983D6}.Debug|Any CPU.Build.0 = Debug|Any CPU
		{C62038D7-8168-4079-91B8-882129B983D6}.Release|Any CPU.ActiveCfg = Release|Any CPU
		{C62038D7-8168-4079-91B8-882129B983D6}.Release|Any CPU.Build.0 = Release|Any CPU
		{04F449E3-1D02-4446-A372-97711474B0EC}.Debug|Any CPU.ActiveCfg = Debug|Any CPU
		{04F449E3-1D02-4446-A372-97711474B0EC}.Debug|Any CPU.Build.0 = Debug|Any CPU
		{04F449E3-1D02-4446-A372-97711474B0EC}.Release|Any CPU.ActiveCfg = Release|Any CPU
		{04F449E3-1D02-4446-A372-97711474B0EC}.Release|Any CPU.Build.0 = Release|Any CPU
		{D17D7BD3-5FA4-40B1-A27C-16C83583395E}.Debug|Any CPU.ActiveCfg = Debug|Any CPU
		{D17D7BD3-5FA4-40B1-A27C-16C83583395E}.Debug|Any CPU.Build.0 = Debug|Any CPU
		{D17D7BD3-5FA4-40B1-A27C-16C83583395E}.Release|Any CPU.ActiveCfg = Release|Any CPU
		{D17D7BD3-5FA4-40B1-A27C-16C83583395E}.Release|Any CPU.Build.0 = Release|Any CPU
		{26C8011E-9E98-4F08-BEDA-9B28C6D379FC}.Debug|Any CPU.ActiveCfg = Debug|Any CPU
		{26C8011E-9E98-4F08-BEDA-9B28C6D379FC}.Debug|Any CPU.Build.0 = Debug|Any CPU
		{26C8011E-9E98-4F08-BEDA-9B28C6D379FC}.Release|Any CPU.ActiveCfg = Release|Any CPU
		{26C8011E-9E98-4F08-BEDA-9B28C6D379FC}.Release|Any CPU.Build.0 = Release|Any CPU
		{8CF3E3B5-F380-45A4-8A77-B9247240E0A2}.Debug|Any CPU.ActiveCfg = Debug|Any CPU
		{8CF3E3B5-F380-45A4-8A77-B9247240E0A2}.Debug|Any CPU.Build.0 = Debug|Any CPU
		{8CF3E3B5-F380-45A4-8A77-B9247240E0A2}.Release|Any CPU.ActiveCfg = Release|Any CPU
		{8CF3E3B5-F380-45A4-8A77-B9247240E0A2}.Release|Any CPU.Build.0 = Release|Any CPU
		{756B251C-071B-4E4E-A758-C87A159ED7E8}.Debug|Any CPU.ActiveCfg = Debug|Any CPU
		{756B251C-071B-4E4E-A758-C87A159ED7E8}.Debug|Any CPU.Build.0 = Debug|Any CPU
		{756B251C-071B-4E4E-A758-C87A159ED7E8}.Release|Any CPU.ActiveCfg = Release|Any CPU
		{756B251C-071B-4E4E-A758-C87A159ED7E8}.Release|Any CPU.Build.0 = Release|Any CPU
		{BED5F482-1157-414F-915B-FD846F6EEAD4}.Debug|Any CPU.ActiveCfg = Debug|Any CPU
		{BED5F482-1157-414F-915B-FD846F6EEAD4}.Debug|Any CPU.Build.0 = Debug|Any CPU
		{BED5F482-1157-414F-915B-FD846F6EEAD4}.Release|Any CPU.ActiveCfg = Release|Any CPU
		{BED5F482-1157-414F-915B-FD846F6EEAD4}.Release|Any CPU.Build.0 = Release|Any CPU
		{C0020CBB-CFE3-4B9F-B058-B4279EAC07D4}.Debug|Any CPU.ActiveCfg = Debug|Any CPU
		{C0020CBB-CFE3-4B9F-B058-B4279EAC07D4}.Debug|Any CPU.Build.0 = Debug|Any CPU
		{C0020CBB-CFE3-4B9F-B058-B4279EAC07D4}.Release|Any CPU.ActiveCfg = Release|Any CPU
		{C0020CBB-CFE3-4B9F-B058-B4279EAC07D4}.Release|Any CPU.Build.0 = Release|Any CPU
		{A4DAF592-E48A-422E-BFF9-8C037F749A4C}.Debug|Any CPU.ActiveCfg = Debug|Any CPU
		{A4DAF592-E48A-422E-BFF9-8C037F749A4C}.Debug|Any CPU.Build.0 = Debug|Any CPU
		{A4DAF592-E48A-422E-BFF9-8C037F749A4C}.Release|Any CPU.ActiveCfg = Release|Any CPU
		{A4DAF592-E48A-422E-BFF9-8C037F749A4C}.Release|Any CPU.Build.0 = Release|Any CPU
	EndGlobalSection
	GlobalSection(SolutionProperties) = preSolution
		HideSolutionNode = FALSE
	EndGlobalSection
	GlobalSection(ExtensibilityGlobals) = postSolution
		SolutionGuid = {CAEFA040-F7DB-4203-B66C-4E699CEB2302}
	EndGlobalSection
EndGlobal
